# THIS IS AN AUTOGENERATED FILE. DO NOT EDIT THIS FILE DIRECTLY.
# yarn lockfile v1


fsevents@~2.3.1:
  version "2.3.2"
  resolved "https://registry.npm.taobao.org/fsevents/download/fsevents-2.3.2.tgz?cache=0&sync_timestamp=1612536512306&other_urls=https%3A%2F%2Fregistry.npm.taobao.org%2Ffsevents%2Fdownload%2Ffsevents-2.3.2.tgz#8a526f78b8fdf4623b709e0b975c52c24c02fd1a"
  integrity sha1-ilJveLj99GI7cJ4Ll1xSwkwC/Ro=

rollup@^2.41.0:
  version "2.41.0"
  resolved "https://registry.npm.taobao.org/rollup/download/rollup-2.41.0.tgz?cache=0&sync_timestamp=1615271062102&other_urls=https%3A%2F%2Fregistry.npm.taobao.org%2Frollup%2Fdownload%2Frollup-2.41.0.tgz#b2a398bbabbf227738dedaef099e494aed468982"
  integrity sha1-sqOYu6u/Inc43trvCZ5JSu1GiYI=
  optionalDependencies:
    fsevents "~2.3.1"
